
Microsoft Visual Studio Solution File, Format Version 12.00
# Visual Studio Version 17
VisualStudioVersion = 17.12.35527.113
MinimumVisualStudioVersion = 10.0.40219.1
Project("{FAE04EC0-301F-11D3-BF4B-00C04F79EFBC}") = "ConsolaJWT", "ConsolaJWT\ConsolaJWT.csproj", "{E22D6D4C-C290-4B21-A43C-5B0B96530669}"
EndProject
Project("{FAE04EC0-301F-11D3-BF4B-00C04F79EFBC}") = "JWTAuth", "JWTAuth\JWTAuth.csproj", "{AA056583-453D-7DF0-DAEC-B720D9138C42}"
EndProject
Project("{FAE04EC0-301F-11D3-BF4B-00C04F79EFBC}") = "GeneradorHash", "GeneradorHash\GeneradorHash.csproj", "{A24ED9A0-D2ED-4997-8F6E-8CF270958EDA}"
EndProject
Project("{FAE04EC0-301F-11D3-BF4B-00C04F79EFBC}") = "ProtectedApi", "ProtectedApi\ProtectedApi.csproj", "{9C781A48-3C91-4F58-BE56-16982FC8062D}"
EndProject
Project("{FAE04EC0-301F-11D3-BF4B-00C04F79EFBC}") = "ClientMVC", "ClientMVC\ClientMVC.csproj", "{1603FA3D-08AF-469C-88A9-1E541C350AC1}"
EndProject
Global
	GlobalSection(SolutionConfigurationPlatforms) = preSolution
		Debug|Any CPU = Debug|Any CPU
		Debug|x64 = Debug|x64
		Debug|x86 = Debug|x86
		Release|Any CPU = Release|Any CPU
		Release|x64 = Release|x64
		Release|x86 = Release|x86
	EndGlobalSection
	GlobalSection(ProjectConfigurationPlatforms) = postSolution
		{E22D6D4C-C290-4B21-A43C-5B0B96530669}.Debug|Any CPU.ActiveCfg = Debug|Any CPU
		{E22D6D4C-C290-4B21-A43C-5B0B96530669}.Debug|Any CPU.Build.0 = Debug|Any CPU
		{E22D6D4C-C290-4B21-A43C-5B0B96530669}.Debug|x64.ActiveCfg = Debug|Any CPU
		{E22D6D4C-C290-4B21-A43C-5B0B96530669}.Debug|x64.Build.0 = Debug|Any CPU
		{E22D6D4C-C290-4B21-A43C-5B0B96530669}.Debug|x86.ActiveCfg = Debug|Any CPU
		{E22D6D4C-C290-4B21-A43C-5B0B96530669}.Debug|x86.Build.0 = Debug|Any CPU
		{E22D6D4C-C290-4B21-A43C-5B0B96530669}.Release|Any CPU.ActiveCfg = Release|Any CPU
		{E22D6D4C-C290-4B21-A43C-5B0B96530669}.Release|Any CPU.Build.0 = Release|Any CPU
		{E22D6D4C-C290-4B21-A43C-5B0B96530669}.Release|x64.ActiveCfg = Release|Any CPU
		{E22D6D4C-C290-4B21-A43C-5B0B96530669}.Release|x64.Build.0 = Release|Any CPU
		{E22D6D4C-C290-4B21-A43C-5B0B96530669}.Release|x86.ActiveCfg = Release|Any CPU
		{E22D6D4C-C290-4B21-A43C-5B0B96530669}.Release|x86.Build.0 = Release|Any CPU
		{AA056583-453D-7DF0-DAEC-B720D9138C42}.Debug|Any CPU.ActiveCfg = Debug|Any CPU
		{AA056583-453D-7DF0-DAEC-B720D9138C42}.Debug|Any CPU.Build.0 = Debug|Any CPU
		{AA056583-453D-7DF0-DAEC-B720D9138C42}.Debug|x64.ActiveCfg = Debug|Any CPU
		{AA056583-453D-7DF0-DAEC-B720D9138C42}.Debug|x64.Build.0 = Debug|Any CPU
		{AA056583-453D-7DF0-DAEC-B720D9138C42}.Debug|x86.ActiveCfg = Debug|Any CPU
		{AA056583-453D-7DF0-DAEC-B720D9138C42}.Debug|x86.Build.0 = Debug|Any CPU
		{AA056583-453D-7DF0-DAEC-B720D9138C42}.Release|Any CPU.ActiveCfg = Release|Any CPU
		{AA056583-453D-7DF0-DAEC-B720D9138C42}.Release|Any CPU.Build.0 = Release|Any CPU
		{AA056583-453D-7DF0-DAEC-B720D9138C42}.Release|x64.ActiveCfg = Release|Any CPU
		{AA056583-453D-7DF0-DAEC-B720D9138C42}.Release|x64.Build.0 = Release|Any CPU
		{AA056583-453D-7DF0-DAEC-B720D9138C42}.Release|x86.ActiveCfg = Release|Any CPU
		{AA056583-453D-7DF0-DAEC-B720D9138C42}.Release|x86.Build.0 = Release|Any CPU
		{A24ED9A0-D2ED-4997-8F6E-8CF270958EDA}.Debug|Any CPU.ActiveCfg = Debug|Any CPU
		{A24ED9A0-D2ED-4997-8F6E-8CF270958EDA}.Debug|Any CPU.Build.0 = Debug|Any CPU
		{A24ED9A0-D2ED-4997-8F6E-8CF270958EDA}.Debug|x64.ActiveCfg = Debug|Any CPU
		{A24ED9A0-D2ED-4997-8F6E-8CF270958EDA}.Debug|x64.Build.0 = Debug|Any CPU
		{A24ED9A0-D2ED-4997-8F6E-8CF270958EDA}.Debug|x86.ActiveCfg = Debug|Any CPU
		{A24ED9A0-D2ED-4997-8F6E-8CF270958EDA}.Debug|x86.Build.0 = Debug|Any CPU
		{A24ED9A0-D2ED-4997-8F6E-8CF270958EDA}.Release|Any CPU.ActiveCfg = Release|Any CPU
		{A24ED9A0-D2ED-4997-8F6E-8CF270958EDA}.Release|Any CPU.Build.0 = Release|Any CPU
		{A24ED9A0-D2ED-4997-8F6E-8CF270958EDA}.Release|x64.ActiveCfg = Release|Any CPU
		{A24ED9A0-D2ED-4997-8F6E-8CF270958EDA}.Release|x64.Build.0 = Release|Any CPU
		{A24ED9A0-D2ED-4997-8F6E-8CF270958EDA}.Release|x86.ActiveCfg = Release|Any CPU
		{A24ED9A0-D2ED-4997-8F6E-8CF270958EDA}.Release|x86.Build.0 = Release|Any CPU
		{9C781A48-3C91-4F58-BE56-16982FC8062D}.Debug|Any CPU.ActiveCfg = Debug|Any CPU
		{9C781A48-3C91-4F58-BE56-16982FC8062D}.Debug|Any CPU.Build.0 = Debug|Any CPU
		{9C781A48-3C91-4F58-BE56-16982FC8062D}.Debug|x64.ActiveCfg = Debug|Any CPU
		{9C781A48-3C91-4F58-BE56-16982FC8062D}.Debug|x64.Build.0 = Debug|Any CPU
		{9C781A48-3C91-4F58-BE56-16982FC8062D}.Debug|x86.ActiveCfg = Debug|Any CPU
		{9C781A48-3C91-4F58-BE56-16982FC8062D}.Debug|x86.Build.0 = Debug|Any CPU
		{9C781A48-3C91-4F58-BE56-16982FC8062D}.Release|Any CPU.ActiveCfg = Release|Any CPU
		{9C781A48-3C91-4F58-BE56-16982FC8062D}.Release|Any CPU.Build.0 = Release|Any CPU
		{9C781A48-3C91-4F58-BE56-16982FC8062D}.Release|x64.ActiveCfg = Release|Any CPU
		{9C781A48-3C91-4F58-BE56-16982FC8062D}.Release|x64.Build.0 = Release|Any CPU
		{9C781A48-3C91-4F58-BE56-16982FC8062D}.Release|x86.ActiveCfg = Release|Any CPU
		{9C781A48-3C91-4F58-BE56-16982FC8062D}.Release|x86.Build.0 = Release|Any CPU
		{1603FA3D-08AF-469C-88A9-1E541C350AC1}.Debug|Any CPU.ActiveCfg = Debug|Any CPU
		{1603FA3D-08AF-469C-88A9-1E541C350AC1}.Debug|Any CPU.Build.0 = Debug|Any CPU
		{1603FA3D-08AF-469C-88A9-1E541C350AC1}.Debug|x64.ActiveCfg = Debug|Any CPU
		{1603FA3D-08AF-469C-88A9-1E541C350AC1}.Debug|x64.Build.0 = Debug|Any CPU
		{1603FA3D-08AF-469C-88A9-1E541C350AC1}.Debug|x86.ActiveCfg = Debug|Any CPU
		{1603FA3D-08AF-469C-88A9-1E541C350AC1}.Debug|x86.Build.0 = Debug|Any CPU
		{1603FA3D-08AF-469C-88A9-1E541C350AC1}.Release|Any CPU.ActiveCfg = Release|Any CPU
		{1603FA3D-08AF-469C-88A9-1E541C350AC1}.Release|Any CPU.Build.0 = Release|Any CPU
		{1603FA3D-08AF-469C-88A9-1E541C350AC1}.Release|x64.ActiveCfg = Release|Any CPU
		{1603FA3D-08AF-469C-88A9-1E541C350AC1}.Release|x64.Build.0 = Release|Any CPU
		{1603FA3D-08AF-469C-88A9-1E541C350AC1}.Release|x86.ActiveCfg = Release|Any CPU
		{1603FA3D-08AF-469C-88A9-1E541C350AC1}.Release|x86.Build.0 = Release|Any CPU
	EndGlobalSection
	GlobalSection(SolutionProperties) = preSolution
		HideSolutionNode = FALSE
	EndGlobalSection
	GlobalSection(ExtensibilityGlobals) = postSolution
		SolutionGuid = {600613E3-D80C-4FC2-877E-6E966FE21D95}
	EndGlobalSection
EndGlobal
